
Microsoft Visual Studio Solution File, Format Version 12.00
# Visual Studio Version 16
VisualStudioVersion = 16.0.30114.105
MinimumVisualStudioVersion = 10.0.40219.1
Project("{8BC9CEB8-8B4A-11D0-8D11-00A0C91BC942}") = "ecdsa_lightweight", "ecdsa_lightweight\ecdsa_lightweight.vcxproj", "{C0BFD6BE-6A6F-4669-BE12-B3133289B539}"
EndProject
Project("{8BC9CEB8-8B4A-11D0-8D11-00A0C91BC942}") = "ecdsa_with_openssl", "ecdsa_openssl\ecdsa-ub.vcxproj", "{1855F084-5CC3-4D25-9B4F-50DEB75CC5AA}"
EndProject
Project("{8BC9CEB8-8B4A-11D0-8D11-00A0C91BC942}") = "write_mtd", "write_mtd\write_mtd.vcxproj", "{BC975E73-349B-45B6-B2B3-642C68540884}"
EndProject
Global
	GlobalSection(SolutionConfigurationPlatforms) = preSolution
		Debug|x64 = Debug|x64
		Debug|x86 = Debug|x86
		Release|x64 = Release|x64
		Release|x86 = Release|x86
	EndGlobalSection
	GlobalSection(ProjectConfigurationPlatforms) = postSolution
		{C0BFD6BE-6A6F-4669-BE12-B3133289B539}.Debug|x64.ActiveCfg = Debug|x64
		{C0BFD6BE-6A6F-4669-BE12-B3133289B539}.Debug|x64.Build.0 = Debug|x64
		{C0BFD6BE-6A6F-4669-BE12-B3133289B539}.Debug|x86.ActiveCfg = Debug|Win32
		{C0BFD6BE-6A6F-4669-BE12-B3133289B539}.Debug|x86.Build.0 = Debug|Win32
		{C0BFD6BE-6A6F-4669-BE12-B3133289B539}.Release|x64.ActiveCfg = Release|x64
		{C0BFD6BE-6A6F-4669-BE12-B3133289B539}.Release|x64.Build.0 = Release|x64
		{C0BFD6BE-6A6F-4669-BE12-B3133289B539}.Release|x86.ActiveCfg = Release|Win32
		{C0BFD6BE-6A6F-4669-BE12-B3133289B539}.Release|x86.Build.0 = Release|Win32
		{1855F084-5CC3-4D25-9B4F-50DEB75CC5AA}.Debug|x64.ActiveCfg = Debug|x64
		{1855F084-5CC3-4D25-9B4F-50DEB75CC5AA}.Debug|x64.Build.0 = Debug|x64
		{1855F084-5CC3-4D25-9B4F-50DEB75CC5AA}.Debug|x86.ActiveCfg = Debug|Win32
		{1855F084-5CC3-4D25-9B4F-50DEB75CC5AA}.Debug|x86.Build.0 = Debug|Win32
		{1855F084-5CC3-4D25-9B4F-50DEB75CC5AA}.Release|x64.ActiveCfg = Release|x64
		{1855F084-5CC3-4D25-9B4F-50DEB75CC5AA}.Release|x64.Build.0 = Release|x64
		{1855F084-5CC3-4D25-9B4F-50DEB75CC5AA}.Release|x86.ActiveCfg = Release|Win32
		{1855F084-5CC3-4D25-9B4F-50DEB75CC5AA}.Release|x86.Build.0 = Release|Win32
		{BC975E73-349B-45B6-B2B3-642C68540884}.Debug|x64.ActiveCfg = Debug|x64
		{BC975E73-349B-45B6-B2B3-642C68540884}.Debug|x64.Build.0 = Debug|x64
		{BC975E73-349B-45B6-B2B3-642C68540884}.Debug|x86.ActiveCfg = Debug|Win32
		{BC975E73-349B-45B6-B2B3-642C68540884}.Debug|x86.Build.0 = Debug|Win32
		{BC975E73-349B-45B6-B2B3-642C68540884}.Release|x64.ActiveCfg = Release|x64
		{BC975E73-349B-45B6-B2B3-642C68540884}.Release|x64.Build.0 = Release|x64
		{BC975E73-349B-45B6-B2B3-642C68540884}.Release|x86.ActiveCfg = Release|Win32
		{BC975E73-349B-45B6-B2B3-642C68540884}.Release|x86.Build.0 = Release|Win32
	EndGlobalSection
	GlobalSection(SolutionProperties) = preSolution
		HideSolutionNode = FALSE
	EndGlobalSection
	GlobalSection(ExtensibilityGlobals) = postSolution
		SolutionGuid = {2C27CFB5-7D9D-4BCD-82C8-5F052558BCD8}
	EndGlobalSection
EndGlobal
